
Microsoft Visual Studio Solution File, Format Version 12.00
# Visual Studio 15
VisualStudioVersion = 15.0.28307.572
MinimumVisualStudioVersion = 10.0.40219.1
Project("{FAE04EC0-301F-11D3-BF4B-00C04F79EFBC}") = "MultipleWcfServiceLibrary", "MultipleWcfServiceLibrary\MultipleWcfServiceLibrary.csproj", "{4A0CA6A7-0D7D-462F-9FAE-69BC5BA24A5A}"
EndProject
Project("{FAE04EC0-301F-11D3-BF4B-00C04F79EFBC}") = "MultipleServiceHost", "MultipleServiceHost\MultipleServiceHost.csproj", "{FB32E5B8-F492-4E3E-A376-B290E17CFA75}"
EndProject
Global
	GlobalSection(SolutionConfigurationPlatforms) = preSolution
		Debug|Any CPU = Debug|Any CPU
		Release|Any CPU = Release|Any CPU
	EndGlobalSection
	GlobalSection(ProjectConfigurationPlatforms) = postSolution
		{4A0CA6A7-0D7D-462F-9FAE-69BC5BA24A5A}.Debug|Any CPU.ActiveCfg = Debug|Any CPU
		{4A0CA6A7-0D7D-462F-9FAE-69BC5BA24A5A}.Debug|Any CPU.Build.0 = Debug|Any CPU
		{4A0CA6A7-0D7D-462F-9FAE-69BC5BA24A5A}.Release|Any CPU.ActiveCfg = Release|Any CPU
		{4A0CA6A7-0D7D-462F-9FAE-69BC5BA24A5A}.Release|Any CPU.Build.0 = Release|Any CPU
		{FB32E5B8-F492-4E3E-A376-B290E17CFA75}.Debug|Any CPU.ActiveCfg = Debug|Any CPU
		{FB32E5B8-F492-4E3E-A376-B290E17CFA75}.Debug|Any CPU.Build.0 = Debug|Any CPU
		{FB32E5B8-F492-4E3E-A376-B290E17CFA75}.Release|Any CPU.ActiveCfg = Release|Any CPU
		{FB32E5B8-F492-4E3E-A376-B290E17CFA75}.Release|Any CPU.Build.0 = Release|Any CPU
	EndGlobalSection
	GlobalSection(SolutionProperties) = preSolution
		HideSolutionNode = FALSE
	EndGlobalSection
	GlobalSection(ExtensibilityGlobals) = postSolution
		SolutionGuid = {4F5903FB-E984-4D92-AAD1-501E1C050D6C}
	EndGlobalSection
EndGlobal
