
Microsoft Visual Studio Solution File, Format Version 12.00
# Visual Studio Version 16
VisualStudioVersion = 16.0.29926.136
MinimumVisualStudioVersion = 10.0.40219.1
Project("{FAE04EC0-301F-11D3-BF4B-00C04F79EFBC}") = "MulServiceLibrary2", "MulServiceLibrary2\MulServiceLibrary2.csproj", "{FB31CEBB-A49B-4F60-8A0E-9524A9C9BC6C}"
EndProject
Project("{FAE04EC0-301F-11D3-BF4B-00C04F79EFBC}") = "ConsoleHost", "ConsoleHost\ConsoleHost.csproj", "{B0A202B9-74C7-48C3-BDF2-B231FA6BAE17}"
EndProject
Project("{E24C65DC-7377-472B-9ABA-BC803B73C61A}") = "MyClientForBinidng", "MyClientForBinidng\", "{38348F39-F027-41B1-A2BE-7ACBD3FE6DA8}"
	ProjectSection(WebsiteProperties) = preProject
		TargetFrameworkMoniker = ".NETFramework,Version%3Dv4.8"
		Debug.AspNetCompiler.VirtualPath = "/localhost_60550"
		Debug.AspNetCompiler.PhysicalPath = "MyClientForBinidng\"
		Debug.AspNetCompiler.TargetPath = "PrecompiledWeb\localhost_60550\"
		Debug.AspNetCompiler.Updateable = "true"
		Debug.AspNetCompiler.ForceOverwrite = "true"
		Debug.AspNetCompiler.FixedNames = "false"
		Debug.AspNetCompiler.Debug = "True"
		Release.AspNetCompiler.VirtualPath = "/localhost_60550"
		Release.AspNetCompiler.PhysicalPath = "MyClientForBinidng\"
		Release.AspNetCompiler.TargetPath = "PrecompiledWeb\localhost_60550\"
		Release.AspNetCompiler.Updateable = "true"
		Release.AspNetCompiler.ForceOverwrite = "true"
		Release.AspNetCompiler.FixedNames = "false"
		Release.AspNetCompiler.Debug = "False"
		VWDPort = "60550"
		SlnRelativePath = "MyClientForBinidng\"
		DefaultWebSiteLanguage = "Visual C#"
	EndProjectSection
EndProject
Global
	GlobalSection(SolutionConfigurationPlatforms) = preSolution
		Debug|Any CPU = Debug|Any CPU
		Release|Any CPU = Release|Any CPU
	EndGlobalSection
	GlobalSection(ProjectConfigurationPlatforms) = postSolution
		{FB31CEBB-A49B-4F60-8A0E-9524A9C9BC6C}.Debug|Any CPU.ActiveCfg = Debug|Any CPU
		{FB31CEBB-A49B-4F60-8A0E-9524A9C9BC6C}.Debug|Any CPU.Build.0 = Debug|Any CPU
		{FB31CEBB-A49B-4F60-8A0E-9524A9C9BC6C}.Release|Any CPU.ActiveCfg = Release|Any CPU
		{FB31CEBB-A49B-4F60-8A0E-9524A9C9BC6C}.Release|Any CPU.Build.0 = Release|Any CPU
		{B0A202B9-74C7-48C3-BDF2-B231FA6BAE17}.Debug|Any CPU.ActiveCfg = Debug|Any CPU
		{B0A202B9-74C7-48C3-BDF2-B231FA6BAE17}.Debug|Any CPU.Build.0 = Debug|Any CPU
		{B0A202B9-74C7-48C3-BDF2-B231FA6BAE17}.Release|Any CPU.ActiveCfg = Release|Any CPU
		{B0A202B9-74C7-48C3-BDF2-B231FA6BAE17}.Release|Any CPU.Build.0 = Release|Any CPU
		{38348F39-F027-41B1-A2BE-7ACBD3FE6DA8}.Debug|Any CPU.ActiveCfg = Debug|Any CPU
		{38348F39-F027-41B1-A2BE-7ACBD3FE6DA8}.Debug|Any CPU.Build.0 = Debug|Any CPU
		{38348F39-F027-41B1-A2BE-7ACBD3FE6DA8}.Release|Any CPU.ActiveCfg = Debug|Any CPU
		{38348F39-F027-41B1-A2BE-7ACBD3FE6DA8}.Release|Any CPU.Build.0 = Debug|Any CPU
	EndGlobalSection
	GlobalSection(SolutionProperties) = preSolution
		HideSolutionNode = FALSE
	EndGlobalSection
	GlobalSection(ExtensibilityGlobals) = postSolution
		SolutionGuid = {96C4EDEA-53CD-460E-9B58-722BEEE2B87B}
	EndGlobalSection
EndGlobal
